{
  "name": "Jogo-Mario-corrida",
  "lockfileVersion": 3,
  "requires": true,
  "packages": {
    "": {
      "dependencies": {
        "fireworks-js": "^2.10.8",
        "sweetalert2": "^11.16.0"
      }
    },
    "node_modules/fireworks-js": {
      "version": "2.10.8",
      "resolved": "https://registry.npmjs.org/fireworks-js/-/fireworks-js-2.10.8.tgz",
      "integrity": "sha512-UZNxeJvRmQzLisN4iriWXqKojG9TDJqc0dPmkUw0/+AEQQ3w8z1Jx2YdFSiBGSVb/u4dPTQXU109GMVblzhfpg=="
    },
    "node_modules/sweetalert2": {
      "version": "11.16.0",
      "resolved": "https://registry.npmjs.org/sweetalert2/-/sweetalert2-11.16.0.tgz",
      "integrity": "sha512-4CGgNMpQHcwV+Gov0j4u3lDc/5lyl04NBsa1vW0Se9cqsrQoUimD6/Z5UyZiRP4kMbwQGyb7wsp0x3ytybti6w==",
      "funding": {
        "type": "individual",
        "url": "https://github.com/sponsors/limonte"
      }
    }
  }
}
